{
  "name": "ca-documentation",
  "version": "1.0.0",
  "lockfileVersion": 2,
  "requires": true,
  "packages": {
    "": {
      "name": "ca-documentation",
      "version": "1.0.0",
      "license": "MIT",
      "dependencies": {
        "documents": "^0.0.1"
      },
      "devDependencies": {
        "highlight.js": "^8.9.1"
      }
    },
    "node_modules/documents": {
      "version": "0.0.1",
      "resolved": "https://registry.npmjs.org/documents/-/documents-0.0.1.tgz",
      "integrity": "sha1-b5Pj8joKJanue8EWidBJU6J8e30="
    },
    "node_modules/highlight.js": {
      "version": "8.9.1",
      "resolved": "https://registry.npmjs.org/highlight.js/-/highlight.js-8.9.1.tgz",
      "integrity": "sha1-uKnFSTISqTkvAiK2SclhFJfr+4g=",
      "deprecated": "Version no longer supported. Upgrade to @latest",
      "dev": true,
      "engines": {
        "node": "*"
      }
    }
  },
  "dependencies": {
    "documents": {
      "version": "0.0.1",
      "resolved": "https://registry.npmjs.org/documents/-/documents-0.0.1.tgz",
      "integrity": "sha1-b5Pj8joKJanue8EWidBJU6J8e30="
    },
    "highlight.js": {
      "version": "8.9.1",
      "resolved": "https://registry.npmjs.org/highlight.js/-/highlight.js-8.9.1.tgz",
      "integrity": "sha1-uKnFSTISqTkvAiK2SclhFJfr+4g=",
      "dev": true
    }
  }
}
